// !$*UTF8*$!
{
	archiveVersion = 1;
	classes = {
	};
	objectVersion = 46;
	objects = {

/* Begin PBXBuildFile section */
		1680CA5D1DBA0D5900333F1F /* VirtualMachine.swift in Sources */ = {isa = PBXBuildFile; fileRef = 944A339C1A475AA800BF8675 /* VirtualMachine.swift */; };
		1680CA5E1DBA0D5900333F1F /* Value.swift in Sources */ = {isa = PBXBuildFile; fileRef = 94C68C9C1A475DAE00C54B88 /* Value.swift */; };
		1680CA5F1DBA0D5900333F1F /* Number.swift in Sources */ = {isa = PBXBuildFile; fileRef = 94C67DE61A58719900B18BC2 /* Number.swift */; };
		1680CA601DBA0D5900333F1F /* String.swift in Sources */ = {isa = PBXBuildFile; fileRef = 94C67DE81A5871A800B18BC2 /* String.swift */; };
		1680CA611DBA0D5900333F1F /* Nil.swift in Sources */ = {isa = PBXBuildFile; fileRef = 94C68C9F1A475E2E00C54B88 /* Nil.swift */; };
		1680CA621DBA0D5900333F1F /* Table.swift in Sources */ = {isa = PBXBuildFile; fileRef = 94C67DEE1A5871F600B18BC2 /* Table.swift */; };
		1680CA631DBA0D5900333F1F /* Thread.swift in Sources */ = {isa = PBXBuildFile; fileRef = 94C67DF01A58720900B18BC2 /* Thread.swift */; };
		1680CA641DBA0D5900333F1F /* Function.swift in Sources */ = {isa = PBXBuildFile; fileRef = 94C67DEA1A5871B700B18BC2 /* Function.swift */; };
		1680CA651DBA0D5900333F1F /* Boolean.swift in Sources */ = {isa = PBXBuildFile; fileRef = 94C67DEC1A5871D200B18BC2 /* Boolean.swift */; };
		1680CA661DBA0D5900333F1F /* Userdata.swift in Sources */ = {isa = PBXBuildFile; fileRef = 9453AD291A48DE5D00503603 /* Userdata.swift */; };
		1680CA671DBA0D5900333F1F /* ExtraTypes.swift in Sources */ = {isa = PBXBuildFile; fileRef = 941314AB1A5A123C00079EE5 /* ExtraTypes.swift */; };
		16C450D71DBA11FA00B3F06C /* LuaSource.framework in Frameworks */ = {isa = PBXBuildFile; fileRef = 168D386D1DB9D00A00087970 /* LuaSource.framework */; };
		941314AC1A5A123C00079EE5 /* ExtraTypes.swift in Sources */ = {isa = PBXBuildFile; fileRef = 941314AB1A5A123C00079EE5 /* ExtraTypes.swift */; };
		944A339D1A475AA800BF8675 /* VirtualMachine.swift in Sources */ = {isa = PBXBuildFile; fileRef = 944A339C1A475AA800BF8675 /* VirtualMachine.swift */; };
		9453AD2A1A48DE5D00503603 /* Userdata.swift in Sources */ = {isa = PBXBuildFile; fileRef = 9453AD291A48DE5D00503603 /* Userdata.swift */; };
		94697A931AC712CB0047447A /* Lua_Tests.swift in Sources */ = {isa = PBXBuildFile; fileRef = 94697A921AC712CB0047447A /* Lua_Tests.swift */; };
		94697A941AC712CB0047447A /* libLua.dylib in Frameworks */ = {isa = PBXBuildFile; fileRef = 944A33011A475A6400BF8675 /* libLua.dylib */; };
		94C67DE71A58719900B18BC2 /* Number.swift in Sources */ = {isa = PBXBuildFile; fileRef = 94C67DE61A58719900B18BC2 /* Number.swift */; };
		94C67DE91A5871A800B18BC2 /* String.swift in Sources */ = {isa = PBXBuildFile; fileRef = 94C67DE81A5871A800B18BC2 /* String.swift */; };
		94C67DEB1A5871B700B18BC2 /* Function.swift in Sources */ = {isa = PBXBuildFile; fileRef = 94C67DEA1A5871B700B18BC2 /* Function.swift */; };
		94C67DED1A5871D200B18BC2 /* Boolean.swift in Sources */ = {isa = PBXBuildFile; fileRef = 94C67DEC1A5871D200B18BC2 /* Boolean.swift */; };
		94C67DEF1A5871F600B18BC2 /* Table.swift in Sources */ = {isa = PBXBuildFile; fileRef = 94C67DEE1A5871F600B18BC2 /* Table.swift */; };
		94C67DF11A58720900B18BC2 /* Thread.swift in Sources */ = {isa = PBXBuildFile; fileRef = 94C67DF01A58720900B18BC2 /* Thread.swift */; };
		94C68C9D1A475DAE00C54B88 /* Value.swift in Sources */ = {isa = PBXBuildFile; fileRef = 94C68C9C1A475DAE00C54B88 /* Value.swift */; };
		94C68CA01A475E2E00C54B88 /* Nil.swift in Sources */ = {isa = PBXBuildFile; fileRef = 94C68C9F1A475E2E00C54B88 /* Nil.swift */; };
		DC204F92200D531F00AD0B33 /* lauxlib.h in Headers */ = {isa = PBXBuildFile; fileRef = DC204F78200D531C00AD0B33 /* lauxlib.h */; };
		DC204F93200D531F00AD0B33 /* lctype.h in Headers */ = {isa = PBXBuildFile; fileRef = DC204F79200D531C00AD0B33 /* lctype.h */; };
		DC204F94200D531F00AD0B33 /* lualib.h in Headers */ = {isa = PBXBuildFile; fileRef = DC204F7A200D531C00AD0B33 /* lualib.h */; };
		DC204F95200D531F00AD0B33 /* lzio.h in Headers */ = {isa = PBXBuildFile; fileRef = DC204F7B200D531D00AD0B33 /* lzio.h */; };
		DC204F96200D531F00AD0B33 /* lparser.h in Headers */ = {isa = PBXBuildFile; fileRef = DC204F7C200D531D00AD0B33 /* lparser.h */; };
		DC204F97200D531F00AD0B33 /* lgc.h in Headers */ = {isa = PBXBuildFile; fileRef = DC204F7D200D531D00AD0B33 /* lgc.h */; };
		DC204F98200D531F00AD0B33 /* ldebug.h in Headers */ = {isa = PBXBuildFile; fileRef = DC204F7E200D531D00AD0B33 /* ldebug.h */; };
		DC204F99200D531F00AD0B33 /* lfunc.h in Headers */ = {isa = PBXBuildFile; fileRef = DC204F7F200D531D00AD0B33 /* lfunc.h */; };
		DC204F9A200D531F00AD0B33 /* ltm.h in Headers */ = {isa = PBXBuildFile; fileRef = DC204F80200D531D00AD0B33 /* ltm.h */; };
		DC204F9B200D531F00AD0B33 /* lcode.h in Headers */ = {isa = PBXBuildFile; fileRef = DC204F81200D531D00AD0B33 /* lcode.h */; };
		DC204F9D200D531F00AD0B33 /* lapi.h in Headers */ = {isa = PBXBuildFile; fileRef = DC204F83200D531D00AD0B33 /* lapi.h */; };
		DC204F9E200D531F00AD0B33 /* llex.h in Headers */ = {isa = PBXBuildFile; fileRef = DC204F84200D531E00AD0B33 /* llex.h */; };
		DC204F9F200D531F00AD0B33 /* lmem.h in Headers */ = {isa = PBXBuildFile; fileRef = DC204F85200D531E00AD0B33 /* lmem.h */; };
		DC204FA0200D531F00AD0B33 /* lstate.h in Headers */ = {isa = PBXBuildFile; fileRef = DC204F86200D531E00AD0B33 /* lstate.h */; };
		DC204FA1200D531F00AD0B33 /* lstring.h in Headers */ = {isa = PBXBuildFile; fileRef = DC204F87200D531E00AD0B33 /* lstring.h */; };
		DC204FA2200D531F00AD0B33 /* ldo.h in Headers */ = {isa = PBXBuildFile; fileRef = DC204F88200D531E00AD0B33 /* ldo.h */; };
		DC204FA3200D531F00AD0B33 /* lundump.h in Headers */ = {isa = PBXBuildFile; fileRef = DC204F89200D531E00AD0B33 /* lundump.h */; };
		DC204FA4200D531F00AD0B33 /* lvm.h in Headers */ = {isa = PBXBuildFile; fileRef = DC204F8A200D531E00AD0B33 /* lvm.h */; };
		DC204FA5200D531F00AD0B33 /* lopcodes.h in Headers */ = {isa = PBXBuildFile; fileRef = DC204F8B200D531E00AD0B33 /* lopcodes.h */; };
		DC204FA6200D531F00AD0B33 /* lprefix.h in Headers */ = {isa = PBXBuildFile; fileRef = DC204F8C200D531E00AD0B33 /* lprefix.h */; };
		DC204FA7200D531F00AD0B33 /* llimits.h in Headers */ = {isa = PBXBuildFile; fileRef = DC204F8D200D531E00AD0B33 /* llimits.h */; };
		DC204FA8200D531F00AD0B33 /* lobject.h in Headers */ = {isa = PBXBuildFile; fileRef = DC204F8E200D531F00AD0B33 /* lobject.h */; };
		DC204FA9200D531F00AD0B33 /* luaconf.h in Headers */ = {isa = PBXBuildFile; fileRef = DC204F8F200D531F00AD0B33 /* luaconf.h */; };
		DC204FAA200D531F00AD0B33 /* lua.h in Headers */ = {isa = PBXBuildFile; fileRef = DC204F90200D531F00AD0B33 /* lua.h */; };
		DC204FAB200D531F00AD0B33 /* ltable.h in Headers */ = {isa = PBXBuildFile; fileRef = DC204F91200D531F00AD0B33 /* ltable.h */; };
		DC204FCE200D533C00AD0B33 /* lstring.c in Sources */ = {isa = PBXBuildFile; fileRef = DC204FAC200D533600AD0B33 /* lstring.c */; };
		DC204FCF200D533C00AD0B33 /* lauxlib.c in Sources */ = {isa = PBXBuildFile; fileRef = DC204FAD200D533600AD0B33 /* lauxlib.c */; };
		DC204FD0200D533C00AD0B33 /* lvm.c in Sources */ = {isa = PBXBuildFile; fileRef = DC204FAE200D533700AD0B33 /* lvm.c */; };
		DC204FD1200D533C00AD0B33 /* lopcodes.c in Sources */ = {isa = PBXBuildFile; fileRef = DC204FAF200D533700AD0B33 /* lopcodes.c */; };
		DC204FD2200D533C00AD0B33 /* lfunc.c in Sources */ = {isa = PBXBuildFile; fileRef = DC204FB0200D533700AD0B33 /* lfunc.c */; };
		DC204FD3200D533C00AD0B33 /* ltm.c in Sources */ = {isa = PBXBuildFile; fileRef = DC204FB1200D533700AD0B33 /* ltm.c */; };
		DC204FD4200D533C00AD0B33 /* ldebug.c in Sources */ = {isa = PBXBuildFile; fileRef = DC204FB2200D533700AD0B33 /* ldebug.c */; };
		DC204FD5200D533C00AD0B33 /* lparser.c in Sources */ = {isa = PBXBuildFile; fileRef = DC204FB3200D533700AD0B33 /* lparser.c */; };
		DC204FD6200D533C00AD0B33 /* ldo.c in Sources */ = {isa = PBXBuildFile; fileRef = DC204FB4200D533700AD0B33 /* ldo.c */; };
		DC204FD7200D533C00AD0B33 /* ltablib.c in Sources */ = {isa = PBXBuildFile; fileRef = DC204FB5200D533800AD0B33 /* ltablib.c */; };
		DC204FD8200D533C00AD0B33 /* lutf8lib.c in Sources */ = {isa = PBXBuildFile; fileRef = DC204FB6200D533800AD0B33 /* lutf8lib.c */; };
		DC204FD9200D533C00AD0B33 /* linit.c in Sources */ = {isa = PBXBuildFile; fileRef = DC204FB7200D533800AD0B33 /* linit.c */; };
		DC204FDA200D533C00AD0B33 /* ldump.c in Sources */ = {isa = PBXBuildFile; fileRef = DC204FB8200D533800AD0B33 /* ldump.c */; };
		DC204FDB200D533C00AD0B33 /* lctype.c in Sources */ = {isa = PBXBuildFile; fileRef = DC204FB9200D533800AD0B33 /* lctype.c */; };
		DC204FDC200D533C00AD0B33 /* loadlib.c in Sources */ = {isa = PBXBuildFile; fileRef = DC204FBA200D533800AD0B33 /* loadlib.c */; };
		DC204FDD200D533C00AD0B33 /* lgc.c in Sources */ = {isa = PBXBuildFile; fileRef = DC204FBB200D533800AD0B33 /* lgc.c */; };
		DC204FDF200D533C00AD0B33 /* lundump.c in Sources */ = {isa = PBXBuildFile; fileRef = DC204FBD200D533900AD0B33 /* lundump.c */; };
		DC204FE0200D533C00AD0B33 /* lzio.c in Sources */ = {isa = PBXBuildFile; fileRef = DC204FBE200D533900AD0B33 /* lzio.c */; };
		DC204FE1200D533C00AD0B33 /* lcode.c in Sources */ = {isa = PBXBuildFile; fileRef = DC204FBF200D533900AD0B33 /* lcode.c */; };
		DC204FE2200D533C00AD0B33 /* lmem.c in Sources */ = {isa = PBXBuildFile; fileRef = DC204FC0200D533900AD0B33 /* lmem.c */; };
		DC204FE3200D533C00AD0B33 /* ltable.c in Sources */ = {isa = PBXBuildFile; fileRef = DC204FC1200D533900AD0B33 /* ltable.c */; };
		DC204FE4200D533C00AD0B33 /* lobject.c in Sources */ = {isa = PBXBuildFile; fileRef = DC204FC2200D533A00AD0B33 /* lobject.c */; };
		DC204FE5200D533C00AD0B33 /* lbitlib.c in Sources */ = {isa = PBXBuildFile; fileRef = DC204FC3200D533A00AD0B33 /* lbitlib.c */; };
		DC204FE6200D533C00AD0B33 /* lstrlib.c in Sources */ = {isa = PBXBuildFile; fileRef = DC204FC4200D533A00AD0B33 /* lstrlib.c */; };
		DC204FE7200D533C00AD0B33 /* liolib.c in Sources */ = {isa = PBXBuildFile; fileRef = DC204FC5200D533A00AD0B33 /* liolib.c */; };
		DC204FE8200D533C00AD0B33 /* loslib.c in Sources */ = {isa = PBXBuildFile; fileRef = DC204FC6200D533A00AD0B33 /* loslib.c */; };
		DC204FE9200D533C00AD0B33 /* llex.c in Sources */ = {isa = PBXBuildFile; fileRef = DC204FC7200D533B00AD0B33 /* llex.c */; };
		DC204FEA200D533C00AD0B33 /* lapi.c in Sources */ = {isa = PBXBuildFile; fileRef = DC204FC8200D533B00AD0B33 /* lapi.c */; };
		DC204FEB200D533C00AD0B33 /* lbaselib.c in Sources */ = {isa = PBXBuildFile; fileRef = DC204FC9200D533B00AD0B33 /* lbaselib.c */; };
		DC204FEC200D533C00AD0B33 /* lstate.c in Sources */ = {isa = PBXBuildFile; fileRef = DC204FCA200D533B00AD0B33 /* lstate.c */; };
		DC204FED200D533C00AD0B33 /* lmathlib.c in Sources */ = {isa = PBXBuildFile; fileRef = DC204FCB200D533B00AD0B33 /* lmathlib.c */; };
		DC204FEE200D533C00AD0B33 /* ldblib.c in Sources */ = {isa = PBXBuildFile; fileRef = DC204FCC200D533B00AD0B33 /* ldblib.c */; };
		DC204FEF200D533C00AD0B33 /* lcorolib.c in Sources */ = {isa = PBXBuildFile; fileRef = DC204FCD200D533C00AD0B33 /* lcorolib.c */; };
		DC204FF1200D577500AD0B33 /* constants.h in Headers */ = {isa = PBXBuildFile; fileRef = DC204FF0200D577500AD0B33 /* constants.h */; };
		DC204FF3200D578B00AD0B33 /* constants.c in Sources */ = {isa = PBXBuildFile; fileRef = DC204FF2200D578B00AD0B33 /* constants.c */; };
		DC204FF7200D594C00AD0B33 /* Lua.h in Headers */ = {isa = PBXBuildFile; fileRef = DC204FF6200D594B00AD0B33 /* Lua.h */; };
/* End PBXBuildFile section */

/* Begin PBXContainerItemProxy section */
		163EE0ED1DBA19F2009A1B8B /* PBXContainerItemProxy */ = {
			isa = PBXContainerItemProxy;
			containerPortal = 944A32F91A475A6300BF8675 /* Project object */;
			proxyType = 1;
			remoteGlobalIDString = 168D386C1DB9D00A00087970;
			remoteInfo = LuaSource;
		};
		94697A951AC712CB0047447A /* PBXContainerItemProxy */ = {
			isa = PBXContainerItemProxy;
			containerPortal = 944A32F91A475A6300BF8675 /* Project object */;
			proxyType = 1;
			remoteGlobalIDString = 944A33001A475A6400BF8675;
			remoteInfo = Lua;
		};
/* End PBXContainerItemProxy section */

/* Begin PBXFileReference section */
		1680CA551DBA0D3600333F1F /* Lua.framework */ = {isa = PBXFileReference; explicitFileType = wrapper.framework; includeInIndex = 0; path = Lua.framework; sourceTree = BUILT_PRODUCTS_DIR; };
		1680CA581DBA0D3700333F1F /* Info.plist */ = {isa = PBXFileReference; lastKnownFileType = text.plist.xml; path = Info.plist; sourceTree = "<group>"; };
		168D386D1DB9D00A00087970 /* LuaSource.framework */ = {isa = PBXFileReference; explicitFileType = wrapper.framework; includeInIndex = 0; path = LuaSource.framework; sourceTree = BUILT_PRODUCTS_DIR; };
		168D38701DB9D00A00087970 /* Info.plist */ = {isa = PBXFileReference; lastKnownFileType = text.plist.xml; path = Info.plist; sourceTree = "<group>"; };
		941314AB1A5A123C00079EE5 /* ExtraTypes.swift */ = {isa = PBXFileReference; fileEncoding = 4; lastKnownFileType = sourcecode.swift; path = ExtraTypes.swift; sourceTree = "<group>"; };
		944A33011A475A6400BF8675 /* libLua.dylib */ = {isa = PBXFileReference; explicitFileType = "compiled.mach-o.dylib"; includeInIndex = 0; path = libLua.dylib; sourceTree = BUILT_PRODUCTS_DIR; };
		944A339C1A475AA800BF8675 /* VirtualMachine.swift */ = {isa = PBXFileReference; fileEncoding = 4; lastKnownFileType = sourcecode.swift; path = VirtualMachine.swift; sourceTree = "<group>"; };
		9453AD291A48DE5D00503603 /* Userdata.swift */ = {isa = PBXFileReference; fileEncoding = 4; lastKnownFileType = sourcecode.swift; path = Userdata.swift; sourceTree = "<group>"; };
		94697A8E1AC712CB0047447A /* Lua Tests.xctest */ = {isa = PBXFileReference; explicitFileType = wrapper.cfbundle; includeInIndex = 0; path = "Lua Tests.xctest"; sourceTree = BUILT_PRODUCTS_DIR; };
		94697A911AC712CB0047447A /* Info.plist */ = {isa = PBXFileReference; lastKnownFileType = text.plist.xml; path = Info.plist; sourceTree = "<group>"; };
		94697A921AC712CB0047447A /* Lua_Tests.swift */ = {isa = PBXFileReference; lastKnownFileType = sourcecode.swift; path = Lua_Tests.swift; sourceTree = "<group>"; };
		94C67DE61A58719900B18BC2 /* Number.swift */ = {isa = PBXFileReference; fileEncoding = 4; lastKnownFileType = sourcecode.swift; path = Number.swift; sourceTree = "<group>"; };
		94C67DE81A5871A800B18BC2 /* String.swift */ = {isa = PBXFileReference; fileEncoding = 4; lastKnownFileType = sourcecode.swift; path = String.swift; sourceTree = "<group>"; };
		94C67DEA1A5871B700B18BC2 /* Function.swift */ = {isa = PBXFileReference; fileEncoding = 4; lastKnownFileType = sourcecode.swift; path = Function.swift; sourceTree = "<group>"; };
		94C67DEC1A5871D200B18BC2 /* Boolean.swift */ = {isa = PBXFileReference; fileEncoding = 4; lastKnownFileType = sourcecode.swift; path = Boolean.swift; sourceTree = "<group>"; };
		94C67DEE1A5871F600B18BC2 /* Table.swift */ = {isa = PBXFileReference; fileEncoding = 4; lastKnownFileType = sourcecode.swift; path = Table.swift; sourceTree = "<group>"; };
		94C67DF01A58720900B18BC2 /* Thread.swift */ = {isa = PBXFileReference; fileEncoding = 4; lastKnownFileType = sourcecode.swift; path = Thread.swift; sourceTree = "<group>"; };
		94C68C9C1A475DAE00C54B88 /* Value.swift */ = {isa = PBXFileReference; fileEncoding = 4; lastKnownFileType = sourcecode.swift; path = Value.swift; sourceTree = "<group>"; };
		94C68C9F1A475E2E00C54B88 /* Nil.swift */ = {isa = PBXFileReference; fileEncoding = 4; lastKnownFileType = sourcecode.swift; path = Nil.swift; sourceTree = "<group>"; };
		DC204F78200D531C00AD0B33 /* lauxlib.h */ = {isa = PBXFileReference; fileEncoding = 4; lastKnownFileType = sourcecode.c.h; name = lauxlib.h; path = include/lauxlib.h; sourceTree = "<group>"; };
		DC204F79200D531C00AD0B33 /* lctype.h */ = {isa = PBXFileReference; fileEncoding = 4; lastKnownFileType = sourcecode.c.h; name = lctype.h; path = include/lctype.h; sourceTree = "<group>"; };
		DC204F7A200D531C00AD0B33 /* lualib.h */ = {isa = PBXFileReference; fileEncoding = 4; lastKnownFileType = sourcecode.c.h; name = lualib.h; path = include/lualib.h; sourceTree = "<group>"; };
		DC204F7B200D531D00AD0B33 /* lzio.h */ = {isa = PBXFileReference; fileEncoding = 4; lastKnownFileType = sourcecode.c.h; name = lzio.h; path = include/lzio.h; sourceTree = "<group>"; };
		DC204F7C200D531D00AD0B33 /* lparser.h */ = {isa = PBXFileReference; fileEncoding = 4; lastKnownFileType = sourcecode.c.h; name = lparser.h; path = include/lparser.h; sourceTree = "<group>"; };
		DC204F7D200D531D00AD0B33 /* lgc.h */ = {isa = PBXFileReference; fileEncoding = 4; lastKnownFileType = sourcecode.c.h; name = lgc.h; path = include/lgc.h; sourceTree = "<group>"; };
		DC204F7E200D531D00AD0B33 /* ldebug.h */ = {isa = PBXFileReference; fileEncoding = 4; lastKnownFileType = sourcecode.c.h; name = ldebug.h; path = include/ldebug.h; sourceTree = "<group>"; };
		DC204F7F200D531D00AD0B33 /* lfunc.h */ = {isa = PBXFileReference; fileEncoding = 4; lastKnownFileType = sourcecode.c.h; name = lfunc.h; path = include/lfunc.h; sourceTree = "<group>"; };
		DC204F80200D531D00AD0B33 /* ltm.h */ = {isa = PBXFileReference; fileEncoding = 4; lastKnownFileType = sourcecode.c.h; name = ltm.h; path = include/ltm.h; sourceTree = "<group>"; };
		DC204F81200D531D00AD0B33 /* lcode.h */ = {isa = PBXFileReference; fileEncoding = 4; lastKnownFileType = sourcecode.c.h; name = lcode.h; path = include/lcode.h; sourceTree = "<group>"; };
		DC204F83200D531D00AD0B33 /* lapi.h */ = {isa = PBXFileReference; fileEncoding = 4; lastKnownFileType = sourcecode.c.h; name = lapi.h; path = include/lapi.h; sourceTree = "<group>"; };
		DC204F84200D531E00AD0B33 /* llex.h */ = {isa = PBXFileReference; fileEncoding = 4; lastKnownFileType = sourcecode.c.h; name = llex.h; path = include/llex.h; sourceTree = "<group>"; };
		DC204F85200D531E00AD0B33 /* lmem.h */ = {isa = PBXFileReference; fileEncoding = 4; lastKnownFileType = sourcecode.c.h; name = lmem.h; path = include/lmem.h; sourceTree = "<group>"; };
		DC204F86200D531E00AD0B33 /* lstate.h */ = {isa = PBXFileReference; fileEncoding = 4; lastKnownFileType = sourcecode.c.h; name = lstate.h; path = include/lstate.h; sourceTree = "<group>"; };
		DC204F87200D531E00AD0B33 /* lstring.h */ = {isa = PBXFileReference; fileEncoding = 4; lastKnownFileType = sourcecode.c.h; name = lstring.h; path = include/lstring.h; sourceTree = "<group>"; };
		DC204F88200D531E00AD0B33 /* ldo.h */ = {isa = PBXFileReference; fileEncoding = 4; lastKnownFileType = sourcecode.c.h; name = ldo.h; path = include/ldo.h; sourceTree = "<group>"; };
		DC204F89200D531E00AD0B33 /* lundump.h */ = {isa = PBXFileReference; fileEncoding = 4; lastKnownFileType = sourcecode.c.h; name = lundump.h; path = include/lundump.h; sourceTree = "<group>"; };
		DC204F8A200D531E00AD0B33 /* lvm.h */ = {isa = PBXFileReference; fileEncoding = 4; lastKnownFileType = sourcecode.c.h; name = lvm.h; path = include/lvm.h; sourceTree = "<group>"; };
		DC204F8B200D531E00AD0B33 /* lopcodes.h */ = {isa = PBXFileReference; fileEncoding = 4; lastKnownFileType = sourcecode.c.h; name = lopcodes.h; path = include/lopcodes.h; sourceTree = "<group>"; };
		DC204F8C200D531E00AD0B33 /* lprefix.h */ = {isa = PBXFileReference; fileEncoding = 4; lastKnownFileType = sourcecode.c.h; name = lprefix.h; path = include/lprefix.h; sourceTree = "<group>"; };
		DC204F8D200D531E00AD0B33 /* llimits.h */ = {isa = PBXFileReference; fileEncoding = 4; lastKnownFileType = sourcecode.c.h; name = llimits.h; path = include/llimits.h; sourceTree = "<group>"; };
		DC204F8E200D531F00AD0B33 /* lobject.h */ = {isa = PBXFileReference; fileEncoding = 4; lastKnownFileType = sourcecode.c.h; name = lobject.h; path = include/lobject.h; sourceTree = "<group>"; };
		DC204F8F200D531F00AD0B33 /* luaconf.h */ = {isa = PBXFileReference; fileEncoding = 4; lastKnownFileType = sourcecode.c.h; name = luaconf.h; path = include/luaconf.h; sourceTree = "<group>"; };
		DC204F90200D531F00AD0B33 /* lua.h */ = {isa = PBXFileReference; fileEncoding = 4; lastKnownFileType = sourcecode.c.h; name = lua.h; path = include/lua.h; sourceTree = "<group>"; };
		DC204F91200D531F00AD0B33 /* ltable.h */ = {isa = PBXFileReference; fileEncoding = 4; lastKnownFileType = sourcecode.c.h; name = ltable.h; path = include/ltable.h; sourceTree = "<group>"; };
		DC204FAC200D533600AD0B33 /* lstring.c */ = {isa = PBXFileReference; fileEncoding = 4; lastKnownFileType = sourcecode.c.c; name = lstring.c; path = src/lstring.c; sourceTree = "<group>"; };
		DC204FAD200D533600AD0B33 /* lauxlib.c */ = {isa = PBXFileReference; fileEncoding = 4; lastKnownFileType = sourcecode.c.c; name = lauxlib.c; path = src/lauxlib.c; sourceTree = "<group>"; };
		DC204FAE200D533700AD0B33 /* lvm.c */ = {isa = PBXFileReference; fileEncoding = 4; lastKnownFileType = sourcecode.c.c; name = lvm.c; path = src/lvm.c; sourceTree = "<group>"; };
		DC204FAF200D533700AD0B33 /* lopcodes.c */ = {isa = PBXFileReference; fileEncoding = 4; lastKnownFileType = sourcecode.c.c; name = lopcodes.c; path = src/lopcodes.c; sourceTree = "<group>"; };
		DC204FB0200D533700AD0B33 /* lfunc.c */ = {isa = PBXFileReference; fileEncoding = 4; lastKnownFileType = sourcecode.c.c; name = lfunc.c; path = src/lfunc.c; sourceTree = "<group>"; };
		DC204FB1200D533700AD0B33 /* ltm.c */ = {isa = PBXFileReference; fileEncoding = 4; lastKnownFileType = sourcecode.c.c; name = ltm.c; path = src/ltm.c; sourceTree = "<group>"; };
		DC204FB2200D533700AD0B33 /* ldebug.c */ = {isa = PBXFileReference; fileEncoding = 4; lastKnownFileType = sourcecode.c.c; name = ldebug.c; path = src/ldebug.c; sourceTree = "<group>"; };
		DC204FB3200D533700AD0B33 /* lparser.c */ = {isa = PBXFileReference; fileEncoding = 4; lastKnownFileType = sourcecode.c.c; name = lparser.c; path = src/lparser.c; sourceTree = "<group>"; };
		DC204FB4200D533700AD0B33 /* ldo.c */ = {isa = PBXFileReference; fileEncoding = 4; lastKnownFileType = sourcecode.c.c; name = ldo.c; path = src/ldo.c; sourceTree = "<group>"; };
		DC204FB5200D533800AD0B33 /* ltablib.c */ = {isa = PBXFileReference; fileEncoding = 4; lastKnownFileType = sourcecode.c.c; name = ltablib.c; path = src/ltablib.c; sourceTree = "<group>"; };
		DC204FB6200D533800AD0B33 /* lutf8lib.c */ = {isa = PBXFileReference; fileEncoding = 4; lastKnownFileType = sourcecode.c.c; name = lutf8lib.c; path = src/lutf8lib.c; sourceTree = "<group>"; };
		DC204FB7200D533800AD0B33 /* linit.c */ = {isa = PBXFileReference; fileEncoding = 4; lastKnownFileType = sourcecode.c.c; name = linit.c; path = src/linit.c; sourceTree = "<group>"; };
		DC204FB8200D533800AD0B33 /* ldump.c */ = {isa = PBXFileReference; fileEncoding = 4; lastKnownFileType = sourcecode.c.c; name = ldump.c; path = src/ldump.c; sourceTree = "<group>"; };
		DC204FB9200D533800AD0B33 /* lctype.c */ = {isa = PBXFileReference; fileEncoding = 4; lastKnownFileType = sourcecode.c.c; name = lctype.c; path = src/lctype.c; sourceTree = "<group>"; };
		DC204FBA200D533800AD0B33 /* loadlib.c */ = {isa = PBXFileReference; fileEncoding = 4; lastKnownFileType = sourcecode.c.c; name = loadlib.c; path = src/loadlib.c; sourceTree = "<group>"; };
		DC204FBB200D533800AD0B33 /* lgc.c */ = {isa = PBXFileReference; fileEncoding = 4; lastKnownFileType = sourcecode.c.c; name = lgc.c; path = src/lgc.c; sourceTree = "<group>"; };
		DC204FBD200D533900AD0B33 /* lundump.c */ = {isa = PBXFileReference; fileEncoding = 4; lastKnownFileType = sourcecode.c.c; name = lundump.c; path = src/lundump.c; sourceTree = "<group>"; };
		DC204FBE200D533900AD0B33 /* lzio.c */ = {isa = PBXFileReference; fileEncoding = 4; lastKnownFileType = sourcecode.c.c; name = lzio.c; path = src/lzio.c; sourceTree = "<group>"; };
		DC204FBF200D533900AD0B33 /* lcode.c */ = {isa = PBXFileReference; fileEncoding = 4; lastKnownFileType = sourcecode.c.c; name = lcode.c; path = src/lcode.c; sourceTree = "<group>"; };
		DC204FC0200D533900AD0B33 /* lmem.c */ = {isa = PBXFileReference; fileEncoding = 4; lastKnownFileType = sourcecode.c.c; name = lmem.c; path = src/lmem.c; sourceTree = "<group>"; };
		DC204FC1200D533900AD0B33 /* ltable.c */ = {isa = PBXFileReference; fileEncoding = 4; lastKnownFileType = sourcecode.c.c; name = ltable.c; path = src/ltable.c; sourceTree = "<group>"; };
		DC204FC2200D533A00AD0B33 /* lobject.c */ = {isa = PBXFileReference; fileEncoding = 4; lastKnownFileType = sourcecode.c.c; name = lobject.c; path = src/lobject.c; sourceTree = "<group>"; };
		DC204FC3200D533A00AD0B33 /* lbitlib.c */ = {isa = PBXFileReference; fileEncoding = 4; lastKnownFileType = sourcecode.c.c; name = lbitlib.c; path = src/lbitlib.c; sourceTree = "<group>"; };
		DC204FC4200D533A00AD0B33 /* lstrlib.c */ = {isa = PBXFileReference; fileEncoding = 4; lastKnownFileType = sourcecode.c.c; name = lstrlib.c; path = src/lstrlib.c; sourceTree = "<group>"; };
		DC204FC5200D533A00AD0B33 /* liolib.c */ = {isa = PBXFileReference; fileEncoding = 4; lastKnownFileType = sourcecode.c.c; name = liolib.c; path = src/liolib.c; sourceTree = "<group>"; };
		DC204FC6200D533A00AD0B33 /* loslib.c */ = {isa = PBXFileReference; fileEncoding = 4; lastKnownFileType = sourcecode.c.c; name = loslib.c; path = src/loslib.c; sourceTree = "<group>"; };
		DC204FC7200D533B00AD0B33 /* llex.c */ = {isa = PBXFileReference; fileEncoding = 4; lastKnownFileType = sourcecode.c.c; name = llex.c; path = src/llex.c; sourceTree = "<group>"; };
		DC204FC8200D533B00AD0B33 /* lapi.c */ = {isa = PBXFileReference; fileEncoding = 4; lastKnownFileType = sourcecode.c.c; name = lapi.c; path = src/lapi.c; sourceTree = "<group>"; };
		DC204FC9200D533B00AD0B33 /* lbaselib.c */ = {isa = PBXFileReference; fileEncoding = 4; lastKnownFileType = sourcecode.c.c; name = lbaselib.c; path = src/lbaselib.c; sourceTree = "<group>"; };
		DC204FCA200D533B00AD0B33 /* lstate.c */ = {isa = PBXFileReference; fileEncoding = 4; lastKnownFileType = sourcecode.c.c; name = lstate.c; path = src/lstate.c; sourceTree = "<group>"; };
		DC204FCB200D533B00AD0B33 /* lmathlib.c */ = {isa = PBXFileReference; fileEncoding = 4; lastKnownFileType = sourcecode.c.c; name = lmathlib.c; path = src/lmathlib.c; sourceTree = "<group>"; };
		DC204FCC200D533B00AD0B33 /* ldblib.c */ = {isa = PBXFileReference; fileEncoding = 4; lastKnownFileType = sourcecode.c.c; name = ldblib.c; path = src/ldblib.c; sourceTree = "<group>"; };
		DC204FCD200D533C00AD0B33 /* lcorolib.c */ = {isa = PBXFileReference; fileEncoding = 4; lastKnownFileType = sourcecode.c.c; name = lcorolib.c; path = src/lcorolib.c; sourceTree = "<group>"; };
		DC204FF0200D577500AD0B33 /* constants.h */ = {isa = PBXFileReference; fileEncoding = 4; lastKnownFileType = sourcecode.c.h; name = constants.h; path = include/constants.h; sourceTree = "<group>"; };
		DC204FF2200D578B00AD0B33 /* constants.c */ = {isa = PBXFileReference; fileEncoding = 4; lastKnownFileType = sourcecode.c.c; name = constants.c; path = src/constants.c; sourceTree = "<group>"; };
		DC204FF6200D594B00AD0B33 /* Lua.h */ = {isa = PBXFileReference; fileEncoding = 4; lastKnownFileType = sourcecode.c.h; path = Lua.h; sourceTree = "<group>"; };
/* End PBXFileReference section */

/* Begin PBXFrameworksBuildPhase section */
		1680CA511DBA0D3600333F1F /* Frameworks */ = {
			isa = PBXFrameworksBuildPhase;
			buildActionMask = 2147483647;
			files = (
				16C450D71DBA11FA00B3F06C /* LuaSource.framework in Frameworks */,
			);
			runOnlyForDeploymentPostprocessing = 0;
		};
		168D38691DB9D00A00087970 /* Frameworks */ = {
			isa = PBXFrameworksBuildPhase;
			buildActionMask = 2147483647;
			files = (
			);
			runOnlyForDeploymentPostprocessing = 0;
		};
		944A32FE1A475A6400BF8675 /* Frameworks */ = {
			isa = PBXFrameworksBuildPhase;
			buildActionMask = 2147483647;
			files = (
			);
			runOnlyForDeploymentPostprocessing = 0;
		};
		94697A8B1AC712CB0047447A /* Frameworks */ = {
			isa = PBXFrameworksBuildPhase;
			buildActionMask = 2147483647;
			files = (
				94697A941AC712CB0047447A /* libLua.dylib in Frameworks */,
			);
			runOnlyForDeploymentPostprocessing = 0;
		};
/* End PBXFrameworksBuildPhase section */

/* Begin PBXGroup section */
		1680CA561DBA0D3700333F1F /* Lua */ = {
			isa = PBXGroup;
			children = (
				944A339C1A475AA800BF8675 /* VirtualMachine.swift */,
				94C68C9C1A475DAE00C54B88 /* Value.swift */,
				94C67DE61A58719900B18BC2 /* Number.swift */,
				94C67DE81A5871A800B18BC2 /* String.swift */,
				94C68C9F1A475E2E00C54B88 /* Nil.swift */,
				94C67DEE1A5871F600B18BC2 /* Table.swift */,
				94C67DF01A58720900B18BC2 /* Thread.swift */,
				94C67DEA1A5871B700B18BC2 /* Function.swift */,
				94C67DEC1A5871D200B18BC2 /* Boolean.swift */,
				9453AD291A48DE5D00503603 /* Userdata.swift */,
				941314AB1A5A123C00079EE5 /* ExtraTypes.swift */,
				DC204FF6200D594B00AD0B33 /* Lua.h */,
				1680CA581DBA0D3700333F1F /* Info.plist */,
			);
			path = Lua;
			sourceTree = "<group>";
		};
		944A32F81A475A6300BF8675 = {
			isa = PBXGroup;
			children = (
				1680CA561DBA0D3700333F1F /* Lua */,
				944A33031A475A6400BF8675 /* LuaSource */,
				94697A8F1AC712CB0047447A /* Lua Tests */,
				944A33021A475A6400BF8675 /* Products */,
			);
			sourceTree = "<group>";
		};
		944A33021A475A6400BF8675 /* Products */ = {
			isa = PBXGroup;
			children = (
				944A33011A475A6400BF8675 /* libLua.dylib */,
				94697A8E1AC712CB0047447A /* Lua Tests.xctest */,
				168D386D1DB9D00A00087970 /* LuaSource.framework */,
				1680CA551DBA0D3600333F1F /* Lua.framework */,
			);
			name = Products;
			sourceTree = "<group>";
		};
		944A33031A475A6400BF8675 /* LuaSource */ = {
			isa = PBXGroup;
			children = (
				DC204FF2200D578B00AD0B33 /* constants.c */,
				DC204FC8200D533B00AD0B33 /* lapi.c */,
				DC204FAD200D533600AD0B33 /* lauxlib.c */,
				DC204FC9200D533B00AD0B33 /* lbaselib.c */,
				DC204FC3200D533A00AD0B33 /* lbitlib.c */,
				DC204FBF200D533900AD0B33 /* lcode.c */,
				DC204FCD200D533C00AD0B33 /* lcorolib.c */,
				DC204FB9200D533800AD0B33 /* lctype.c */,
				DC204FCC200D533B00AD0B33 /* ldblib.c */,
				DC204FB2200D533700AD0B33 /* ldebug.c */,
				DC204FB4200D533700AD0B33 /* ldo.c */,
				DC204FB8200D533800AD0B33 /* ldump.c */,
				DC204FB0200D533700AD0B33 /* lfunc.c */,
				DC204FBB200D533800AD0B33 /* lgc.c */,
				DC204FB7200D533800AD0B33 /* linit.c */,
				DC204FC5200D533A00AD0B33 /* liolib.c */,
				DC204FC7200D533B00AD0B33 /* llex.c */,
				DC204FCB200D533B00AD0B33 /* lmathlib.c */,
				DC204FC0200D533900AD0B33 /* lmem.c */,
				DC204FBA200D533800AD0B33 /* loadlib.c */,
				DC204FC2200D533A00AD0B33 /* lobject.c */,
				DC204FAF200D533700AD0B33 /* lopcodes.c */,
				DC204FC6200D533A00AD0B33 /* loslib.c */,
				DC204FB3200D533700AD0B33 /* lparser.c */,
				DC204FCA200D533B00AD0B33 /* lstate.c */,
				DC204FAC200D533600AD0B33 /* lstring.c */,
				DC204FC4200D533A00AD0B33 /* lstrlib.c */,
				DC204FC1200D533900AD0B33 /* ltable.c */,
				DC204FB5200D533800AD0B33 /* ltablib.c */,
				DC204FB1200D533700AD0B33 /* ltm.c */,
				DC204FBD200D533900AD0B33 /* lundump.c */,
				DC204FB6200D533800AD0B33 /* lutf8lib.c */,
				DC204FAE200D533700AD0B33 /* lvm.c */,
				DC204FBE200D533900AD0B33 /* lzio.c */,
				DC204FF0200D577500AD0B33 /* constants.h */,
				DC204F83200D531D00AD0B33 /* lapi.h */,
				DC204F78200D531C00AD0B33 /* lauxlib.h */,
				DC204F81200D531D00AD0B33 /* lcode.h */,
				DC204F79200D531C00AD0B33 /* lctype.h */,
				DC204F7E200D531D00AD0B33 /* ldebug.h */,
				DC204F88200D531E00AD0B33 /* ldo.h */,
				DC204F7F200D531D00AD0B33 /* lfunc.h */,
				DC204F7D200D531D00AD0B33 /* lgc.h */,
				DC204F84200D531E00AD0B33 /* llex.h */,
				DC204F8D200D531E00AD0B33 /* llimits.h */,
				DC204F85200D531E00AD0B33 /* lmem.h */,
				DC204F8E200D531F00AD0B33 /* lobject.h */,
				DC204F8B200D531E00AD0B33 /* lopcodes.h */,
				DC204F7C200D531D00AD0B33 /* lparser.h */,
				DC204F8C200D531E00AD0B33 /* lprefix.h */,
				DC204F86200D531E00AD0B33 /* lstate.h */,
				DC204F87200D531E00AD0B33 /* lstring.h */,
				DC204F91200D531F00AD0B33 /* ltable.h */,
				DC204F80200D531D00AD0B33 /* ltm.h */,
				DC204F90200D531F00AD0B33 /* lua.h */,
				DC204F8F200D531F00AD0B33 /* luaconf.h */,
				DC204F7A200D531C00AD0B33 /* lualib.h */,
				DC204F89200D531E00AD0B33 /* lundump.h */,
				DC204F8A200D531E00AD0B33 /* lvm.h */,
				DC204F7B200D531D00AD0B33 /* lzio.h */,
				168D38701DB9D00A00087970 /* Info.plist */,
			);
			path = LuaSource;
			sourceTree = "<group>";
		};
		94697A8F1AC712CB0047447A /* Lua Tests */ = {
			isa = PBXGroup;
			children = (
				94697A921AC712CB0047447A /* Lua_Tests.swift */,
				94697A901AC712CB0047447A /* Supporting Files */,
			);
			path = "Lua Tests";
			sourceTree = "<group>";
		};
		94697A901AC712CB0047447A /* Supporting Files */ = {
			isa = PBXGroup;
			children = (
				94697A911AC712CB0047447A /* Info.plist */,
			);
			name = "Supporting Files";
			sourceTree = "<group>";
		};
/* End PBXGroup section */

/* Begin PBXHeadersBuildPhase section */
		1680CA521DBA0D3600333F1F /* Headers */ = {
			isa = PBXHeadersBuildPhase;
			buildActionMask = 2147483647;
			files = (
				DC204FF7200D594C00AD0B33 /* Lua.h in Headers */,
			);
			runOnlyForDeploymentPostprocessing = 0;
		};
		168D386A1DB9D00A00087970 /* Headers */ = {
			isa = PBXHeadersBuildPhase;
			buildActionMask = 2147483647;
			files = (
				DC204FA4200D531F00AD0B33 /* lvm.h in Headers */,
				DC204F9E200D531F00AD0B33 /* llex.h in Headers */,
				DC204F9A200D531F00AD0B33 /* ltm.h in Headers */,
				DC204FA1200D531F00AD0B33 /* lstring.h in Headers */,
				DC204F98200D531F00AD0B33 /* ldebug.h in Headers */,
				DC204FA3200D531F00AD0B33 /* lundump.h in Headers */,
				DC204F9D200D531F00AD0B33 /* lapi.h in Headers */,
				DC204FA9200D531F00AD0B33 /* luaconf.h in Headers */,
				DC204F92200D531F00AD0B33 /* lauxlib.h in Headers */,
				DC204F94200D531F00AD0B33 /* lualib.h in Headers */,
				DC204FA7200D531F00AD0B33 /* llimits.h in Headers */,
				DC204F9B200D531F00AD0B33 /* lcode.h in Headers */,
				DC204F95200D531F00AD0B33 /* lzio.h in Headers */,
				DC204F97200D531F00AD0B33 /* lgc.h in Headers */,
				DC204FA0200D531F00AD0B33 /* lstate.h in Headers */,
				DC204F9F200D531F00AD0B33 /* lmem.h in Headers */,
				DC204F99200D531F00AD0B33 /* lfunc.h in Headers */,
				DC204F93200D531F00AD0B33 /* lctype.h in Headers */,
				DC204FA6200D531F00AD0B33 /* lprefix.h in Headers */,
				DC204FAA200D531F00AD0B33 /* lua.h in Headers */,
				DC204FF1200D577500AD0B33 /* constants.h in Headers */,
				DC204FA2200D531F00AD0B33 /* ldo.h in Headers */,
				DC204FA5200D531F00AD0B33 /* lopcodes.h in Headers */,
				DC204FA8200D531F00AD0B33 /* lobject.h in Headers */,
				DC204F96200D531F00AD0B33 /* lparser.h in Headers */,
				DC204FAB200D531F00AD0B33 /* ltable.h in Headers */,
			);
			runOnlyForDeploymentPostprocessing = 0;
		};
		944A32FF1A475A6400BF8675 /* Headers */ = {
			isa = PBXHeadersBuildPhase;
			buildActionMask = 2147483647;
			files = (
			);
			runOnlyForDeploymentPostprocessing = 0;
		};
/* End PBXHeadersBuildPhase section */

/* Begin PBXNativeTarget section */
		1680CA541DBA0D3600333F1F /* Lua */ = {
			isa = PBXNativeTarget;
			buildConfigurationList = 1680CA5A1DBA0D3700333F1F /* Build configuration list for PBXNativeTarget "Lua" */;
			buildPhases = (
				1680CA501DBA0D3600333F1F /* Sources */,
				1680CA511DBA0D3600333F1F /* Frameworks */,
				1680CA521DBA0D3600333F1F /* Headers */,
				1680CA531DBA0D3600333F1F /* Resources */,
			);
			buildRules = (
			);
			dependencies = (
				163EE0EE1DBA19F2009A1B8B /* PBXTargetDependency */,
			);
			name = Lua;
			productName = Lua;
			productReference = 1680CA551DBA0D3600333F1F /* Lua.framework */;
			productType = "com.apple.product-type.framework";
		};
		168D386C1DB9D00A00087970 /* LuaSource */ = {
			isa = PBXNativeTarget;
			buildConfigurationList = 168D38721DB9D00A00087970 /* Build configuration list for PBXNativeTarget "LuaSource" */;
			buildPhases = (
				168D38681DB9D00A00087970 /* Sources */,
				168D38691DB9D00A00087970 /* Frameworks */,
				168D386A1DB9D00A00087970 /* Headers */,
				168D386B1DB9D00A00087970 /* Resources */,
			);
			buildRules = (
			);
			dependencies = (
			);
			name = LuaSource;
			productName = LuaSource;
			productReference = 168D386D1DB9D00A00087970 /* LuaSource.framework */;
			productType = "com.apple.product-type.framework";
		};
		944A33001A475A6400BF8675 /* Lua macOS */ = {
			isa = PBXNativeTarget;
			buildConfigurationList = 944A33151A475A6400BF8675 /* Build configuration list for PBXNativeTarget "Lua macOS" */;
			buildPhases = (
				944A32FD1A475A6400BF8675 /* Sources */,
				944A32FE1A475A6400BF8675 /* Frameworks */,
				944A32FF1A475A6400BF8675 /* Headers */,
			);
			buildRules = (
			);
			dependencies = (
			);
			name = "Lua macOS";
			productName = Lua;
			productReference = 944A33011A475A6400BF8675 /* libLua.dylib */;
			productType = "com.apple.product-type.library.dynamic";
		};
		94697A8D1AC712CB0047447A /* Lua Tests */ = {
			isa = PBXNativeTarget;
			buildConfigurationList = 94697A991AC712CB0047447A /* Build configuration list for PBXNativeTarget "Lua Tests" */;
			buildPhases = (
				94697A8A1AC712CB0047447A /* Sources */,
				94697A8B1AC712CB0047447A /* Frameworks */,
				94697A8C1AC712CB0047447A /* Resources */,
			);
			buildRules = (
			);
			dependencies = (
				94697A961AC712CB0047447A /* PBXTargetDependency */,
			);
			name = "Lua Tests";
			productName = "Lua Tests";
			productReference = 94697A8E1AC712CB0047447A /* Lua Tests.xctest */;
			productType = "com.apple.product-type.bundle.unit-test";
		};
/* End PBXNativeTarget section */

/* Begin PBXProject section */
		944A32F91A475A6300BF8675 /* Project object */ = {
			isa = PBXProject;
			attributes = {
				LastSwiftMigration = 0700;
				LastSwiftUpdateCheck = 0700;
				LastUpgradeCheck = 0920;
				ORGANIZATIONNAME = "Tiny Robot Software";
				TargetAttributes = {
					1680CA541DBA0D3600333F1F = {
						CreatedOnToolsVersion = 8.0;
						LastSwiftMigration = 0920;
						ProvisioningStyle = Automatic;
					};
					168D386C1DB9D00A00087970 = {
						CreatedOnToolsVersion = 8.0;
						ProvisioningStyle = Automatic;
					};
					944A33001A475A6400BF8675 = {
						CreatedOnToolsVersion = 6.1.1;
						LastSwiftMigration = 0920;
					};
					94697A8D1AC712CB0047447A = {
						CreatedOnToolsVersion = 6.2;
						LastSwiftMigration = 0920;
					};
				};
			};
			buildConfigurationList = 944A32FC1A475A6300BF8675 /* Build configuration list for PBXProject "Lua" */;
			compatibilityVersion = "Xcode 3.2";
			developmentRegion = English;
			hasScannedForEncodings = 0;
			knownRegions = (
				en,
			);
			mainGroup = 944A32F81A475A6300BF8675;
			productRefGroup = 944A33021A475A6400BF8675 /* Products */;
			projectDirPath = "";
			projectRoot = "";
			targets = (
				168D386C1DB9D00A00087970 /* LuaSource */,
				1680CA541DBA0D3600333F1F /* Lua */,
				944A33001A475A6400BF8675 /* Lua macOS */,
				94697A8D1AC712CB0047447A /* Lua Tests */,
			);
		};
/* End PBXProject section */

/* Begin PBXResourcesBuildPhase section */
		1680CA531DBA0D3600333F1F /* Resources */ = {
			isa = PBXResourcesBuildPhase;
			buildActionMask = 2147483647;
			files = (
			);
			runOnlyForDeploymentPostprocessing = 0;
		};
		168D386B1DB9D00A00087970 /* Resources */ = {
			isa = PBXResourcesBuildPhase;
			buildActionMask = 2147483647;
			files = (
			);
			runOnlyForDeploymentPostprocessing = 0;
		};
		94697A8C1AC712CB0047447A /* Resources */ = {
			isa = PBXResourcesBuildPhase;
			buildActionMask = 2147483647;
			files = (
			);
			runOnlyForDeploymentPostprocessing = 0;
		};
/* End PBXResourcesBuildPhase section */

/* Begin PBXSourcesBuildPhase section */
		1680CA501DBA0D3600333F1F /* Sources */ = {
			isa = PBXSourcesBuildPhase;
			buildActionMask = 2147483647;
			files = (
				1680CA621DBA0D5900333F1F /* Table.swift in Sources */,
				1680CA651DBA0D5900333F1F /* Boolean.swift in Sources */,
				1680CA5D1DBA0D5900333F1F /* VirtualMachine.swift in Sources */,
				1680CA611DBA0D5900333F1F /* Nil.swift in Sources */,
				1680CA5E1DBA0D5900333F1F /* Value.swift in Sources */,
				1680CA601DBA0D5900333F1F /* String.swift in Sources */,
				1680CA661DBA0D5900333F1F /* Userdata.swift in Sources */,
				1680CA631DBA0D5900333F1F /* Thread.swift in Sources */,
				1680CA5F1DBA0D5900333F1F /* Number.swift in Sources */,
				1680CA671DBA0D5900333F1F /* ExtraTypes.swift in Sources */,
				1680CA641DBA0D5900333F1F /* Function.swift in Sources */,
			);
			runOnlyForDeploymentPostprocessing = 0;
		};
		168D38681DB9D00A00087970 /* Sources */ = {
			isa = PBXSourcesBuildPhase;
			buildActionMask = 2147483647;
			files = (
				DC204FDB200D533C00AD0B33 /* lctype.c in Sources */,
				DC204FD9200D533C00AD0B33 /* linit.c in Sources */,
				DC204FE7200D533C00AD0B33 /* liolib.c in Sources */,
				DC204FEC200D533C00AD0B33 /* lstate.c in Sources */,
				DC204FE6200D533C00AD0B33 /* lstrlib.c in Sources */,
				DC204FD2200D533C00AD0B33 /* lfunc.c in Sources */,
				DC204FD1200D533C00AD0B33 /* lopcodes.c in Sources */,
				DC204FE0200D533C00AD0B33 /* lzio.c in Sources */,
				DC204FED200D533C00AD0B33 /* lmathlib.c in Sources */,
				DC204FD7200D533C00AD0B33 /* ltablib.c in Sources */,
				DC204FD0200D533C00AD0B33 /* lvm.c in Sources */,
				DC204FD8200D533C00AD0B33 /* lutf8lib.c in Sources */,
				DC204FE4200D533C00AD0B33 /* lobject.c in Sources */,
				DC204FEB200D533C00AD0B33 /* lbaselib.c in Sources */,
				DC204FDC200D533C00AD0B33 /* loadlib.c in Sources */,
				DC204FD5200D533C00AD0B33 /* lparser.c in Sources */,
				DC204FDA200D533C00AD0B33 /* ldump.c in Sources */,
				DC204FEA200D533C00AD0B33 /* lapi.c in Sources */,
				DC204FEE200D533C00AD0B33 /* ldblib.c in Sources */,
				DC204FD4200D533C00AD0B33 /* ldebug.c in Sources */,
				DC204FE2200D533C00AD0B33 /* lmem.c in Sources */,
				DC204FD3200D533C00AD0B33 /* ltm.c in Sources */,
				DC204FE8200D533C00AD0B33 /* loslib.c in Sources */,
				DC204FDF200D533C00AD0B33 /* lundump.c in Sources */,
				DC204FE9200D533C00AD0B33 /* llex.c in Sources */,
				DC204FDD200D533C00AD0B33 /* lgc.c in Sources */,
				DC204FEF200D533C00AD0B33 /* lcorolib.c in Sources */,
				DC204FF3200D578B00AD0B33 /* constants.c in Sources */,
				DC204FD6200D533C00AD0B33 /* ldo.c in Sources */,
				DC204FCE200D533C00AD0B33 /* lstring.c in Sources */,
				DC204FE5200D533C00AD0B33 /* lbitlib.c in Sources */,
				DC204FCF200D533C00AD0B33 /* lauxlib.c in Sources */,
				DC204FE1200D533C00AD0B33 /* lcode.c in Sources */,
				DC204FE3200D533C00AD0B33 /* ltable.c in Sources */,
			);
			runOnlyForDeploymentPostprocessing = 0;
		};
		944A32FD1A475A6400BF8675 /* Sources */ = {
			isa = PBXSourcesBuildPhase;
			buildActionMask = 2147483647;
			files = (
				944A339D1A475AA800BF8675 /* VirtualMachine.swift in Sources */,
				94C67DED1A5871D200B18BC2 /* Boolean.swift in Sources */,
				9453AD2A1A48DE5D00503603 /* Userdata.swift in Sources */,
				941314AC1A5A123C00079EE5 /* ExtraTypes.swift in Sources */,
				94C68C9D1A475DAE00C54B88 /* Value.swift in Sources */,
				94C67DE71A58719900B18BC2 /* Number.swift in Sources */,
				94C67DE91A5871A800B18BC2 /* String.swift in Sources */,
				94C67DEF1A5871F600B18BC2 /* Table.swift in Sources */,
				94C68CA01A475E2E00C54B88 /* Nil.swift in Sources */,
				94C67DEB1A5871B700B18BC2 /* Function.swift in Sources */,
				94C67DF11A58720900B18BC2 /* Thread.swift in Sources */,
			);
			runOnlyForDeploymentPostprocessing = 0;
		};
		94697A8A1AC712CB0047447A /* Sources */ = {
			isa = PBXSourcesBuildPhase;
			buildActionMask = 2147483647;
			files = (
				94697A931AC712CB0047447A /* Lua_Tests.swift in Sources */,
			);
			runOnlyForDeploymentPostprocessing = 0;
		};
/* End PBXSourcesBuildPhase section */

/* Begin PBXTargetDependency section */
		163EE0EE1DBA19F2009A1B8B /* PBXTargetDependency */ = {
			isa = PBXTargetDependency;
			target = 168D386C1DB9D00A00087970 /* LuaSource */;
			targetProxy = 163EE0ED1DBA19F2009A1B8B /* PBXContainerItemProxy */;
		};
		94697A961AC712CB0047447A /* PBXTargetDependency */ = {
			isa = PBXTargetDependency;
			target = 944A33001A475A6400BF8675 /* Lua macOS */;
			targetProxy = 94697A951AC712CB0047447A /* PBXContainerItemProxy */;
		};
/* End PBXTargetDependency section */

/* Begin XCBuildConfiguration section */
		1680CA5B1DBA0D3700333F1F /* Debug */ = {
			isa = XCBuildConfiguration;
			buildSettings = {
				CLANG_ANALYZER_NONNULL = YES;
				CLANG_WARN_DOCUMENTATION_COMMENTS = YES;
				CLANG_WARN_SUSPICIOUS_MOVES = YES;
				CODE_SIGN_IDENTITY = "";
				"CODE_SIGN_IDENTITY[sdk=iphoneos*]" = "";
				CURRENT_PROJECT_VERSION = 1;
				DEBUG_INFORMATION_FORMAT = dwarf;
				DEFINES_MODULE = YES;
				DYLIB_COMPATIBILITY_VERSION = 1;
				DYLIB_CURRENT_VERSION = 1;
				DYLIB_INSTALL_NAME_BASE = "@rpath";
				INFOPLIST_FILE = Lua/Info.plist;
				INSTALL_PATH = "$(LOCAL_LIBRARY_DIR)/Frameworks";
				IPHONEOS_DEPLOYMENT_TARGET = 10.0;
				LD_RUNPATH_SEARCH_PATHS = "$(inherited) @executable_path/Frameworks @loader_path/Frameworks";
				PRODUCT_BUNDLE_IDENTIFIER = com.hla.Lua;
				PRODUCT_NAME = "$(TARGET_NAME)";
				SDKROOT = iphoneos;
				SKIP_INSTALL = YES;
				SWIFT_ACTIVE_COMPILATION_CONDITIONS = DEBUG;
				SWIFT_OPTIMIZATION_LEVEL = "-Onone";
				SWIFT_SWIFT3_OBJC_INFERENCE = Default;
				SWIFT_VERSION = 4.0;
				TARGETED_DEVICE_FAMILY = "1,2";
				VERSIONING_SYSTEM = "apple-generic";
				VERSION_INFO_PREFIX = "";
			};
			name = Debug;
		};
		1680CA5C1DBA0D3700333F1F /* Release */ = {
			isa = XCBuildConfiguration;
			buildSettings = {
				CLANG_ANALYZER_NONNULL = YES;
				CLANG_WARN_DOCUMENTATION_COMMENTS = YES;
				CLANG_WARN_SUSPICIOUS_MOVES = YES;
				CODE_SIGN_IDENTITY = "";
				"CODE_SIGN_IDENTITY[sdk=iphoneos*]" = "";
				COPY_PHASE_STRIP = NO;
				CURRENT_PROJECT_VERSION = 1;
				DEFINES_MODULE = YES;
				DYLIB_COMPATIBILITY_VERSION = 1;
				DYLIB_CURRENT_VERSION = 1;
				DYLIB_INSTALL_NAME_BASE = "@rpath";
				INFOPLIST_FILE = Lua/Info.plist;
				INSTALL_PATH = "$(LOCAL_LIBRARY_DIR)/Frameworks";
				IPHONEOS_DEPLOYMENT_TARGET = 10.0;
				LD_RUNPATH_SEARCH_PATHS = "$(inherited) @executable_path/Frameworks @loader_path/Frameworks";
				PRODUCT_BUNDLE_IDENTIFIER = com.hla.Lua;
				PRODUCT_NAME = "$(TARGET_NAME)";
				SDKROOT = iphoneos;
				SKIP_INSTALL = YES;
				SWIFT_SWIFT3_OBJC_INFERENCE = Default;
				SWIFT_VERSION = 4.0;
				TARGETED_DEVICE_FAMILY = "1,2";
				VALIDATE_PRODUCT = YES;
				VERSIONING_SYSTEM = "apple-generic";
				VERSION_INFO_PREFIX = "";
			};
			name = Release;
		};
		168D38731DB9D00A00087970 /* Debug */ = {
			isa = XCBuildConfiguration;
			buildSettings = {
				CLANG_ANALYZER_NONNULL = YES;
				CLANG_WARN_DOCUMENTATION_COMMENTS = YES;
				CLANG_WARN_SUSPICIOUS_MOVES = YES;
				CODE_SIGN_IDENTITY = "";
				"CODE_SIGN_IDENTITY[sdk=iphoneos*]" = "";
				CURRENT_PROJECT_VERSION = 1;
				DEBUG_INFORMATION_FORMAT = dwarf;
				DEFINES_MODULE = YES;
				DYLIB_COMPATIBILITY_VERSION = 1;
				DYLIB_CURRENT_VERSION = 1;
				DYLIB_INSTALL_NAME_BASE = "@rpath";
				GCC_PREPROCESSOR_DEFINITIONS = (
					"$(inherited)",
					"LUA_NOCVTN2S=1",
					"LUA_NOCVTS2N=1",
				);
				INFOPLIST_FILE = LuaSource/Info.plist;
				INSTALL_PATH = "$(LOCAL_LIBRARY_DIR)/Frameworks";
				IPHONEOS_DEPLOYMENT_TARGET = 10.0;
				LD_RUNPATH_SEARCH_PATHS = "$(inherited) @executable_path/Frameworks @loader_path/Frameworks";
				MODULEMAP_FILE = LuaSource/include/module.modulemap;
				OTHER_CFLAGS = "";
				PRODUCT_BUNDLE_IDENTIFIER = com.hla.LuaSource;
				PRODUCT_NAME = "$(TARGET_NAME)";
				SDKROOT = iphoneos;
				SKIP_INSTALL = YES;
				TARGETED_DEVICE_FAMILY = "1,2";
				VERSIONING_SYSTEM = "apple-generic";
				VERSION_INFO_PREFIX = "";
			};
			name = Debug;
		};
		168D38741DB9D00A00087970 /* Release */ = {
			isa = XCBuildConfiguration;
			buildSettings = {
				CLANG_ANALYZER_NONNULL = YES;
				CLANG_WARN_DOCUMENTATION_COMMENTS = YES;
				CLANG_WARN_SUSPICIOUS_MOVES = YES;
				CODE_SIGN_IDENTITY = "";
				"CODE_SIGN_IDENTITY[sdk=iphoneos*]" = "";
				COPY_PHASE_STRIP = NO;
				CURRENT_PROJECT_VERSION = 1;
				DEFINES_MODULE = YES;
				DYLIB_COMPATIBILITY_VERSION = 1;
				DYLIB_CURRENT_VERSION = 1;
				DYLIB_INSTALL_NAME_BASE = "@rpath";
				GCC_PREPROCESSOR_DEFINITIONS = (
					"LUA_NOCVTN2S=1",
					"LUA_NOCVTS2N=1",
				);
				INFOPLIST_FILE = LuaSource/Info.plist;
				INSTALL_PATH = "$(LOCAL_LIBRARY_DIR)/Frameworks";
				IPHONEOS_DEPLOYMENT_TARGET = 10.0;
				LD_RUNPATH_SEARCH_PATHS = "$(inherited) @executable_path/Frameworks @loader_path/Frameworks";
				MODULEMAP_FILE = LuaSource/include/module.modulemap;
				OTHER_CFLAGS = "";
				PRODUCT_BUNDLE_IDENTIFIER = com.hla.LuaSource;
				PRODUCT_NAME = "$(TARGET_NAME)";
				SDKROOT = iphoneos;
				SKIP_INSTALL = YES;
				TARGETED_DEVICE_FAMILY = "1,2";
				VALIDATE_PRODUCT = YES;
				VERSIONING_SYSTEM = "apple-generic";
				VERSION_INFO_PREFIX = "";
			};
			name = Release;
		};
		944A33131A475A6400BF8675 /* Debug */ = {
			isa = XCBuildConfiguration;
			buildSettings = {
				ALWAYS_SEARCH_USER_PATHS = NO;
				CLANG_CXX_LANGUAGE_STANDARD = "gnu++0x";
				CLANG_CXX_LIBRARY = "libc++";
				CLANG_ENABLE_MODULES = YES;
				CLANG_ENABLE_OBJC_ARC = YES;
				CLANG_WARN_BLOCK_CAPTURE_AUTORELEASING = YES;
				CLANG_WARN_BOOL_CONVERSION = YES;
				CLANG_WARN_COMMA = NO;
				CLANG_WARN_CONSTANT_CONVERSION = YES;
				CLANG_WARN_DIRECT_OBJC_ISA_USAGE = YES_ERROR;
				CLANG_WARN_EMPTY_BODY = YES;
				CLANG_WARN_ENUM_CONVERSION = YES;
				CLANG_WARN_INFINITE_RECURSION = YES;
				CLANG_WARN_INT_CONVERSION = YES;
				CLANG_WARN_NON_LITERAL_NULL_CONVERSION = YES;
				CLANG_WARN_OBJC_LITERAL_CONVERSION = YES;
				CLANG_WARN_OBJC_ROOT_CLASS = YES_ERROR;
				CLANG_WARN_RANGE_LOOP_ANALYSIS = YES;
				CLANG_WARN_STRICT_PROTOTYPES = YES;
				CLANG_WARN_SUSPICIOUS_MOVE = YES;
				CLANG_WARN_UNREACHABLE_CODE = YES;
				CLANG_WARN__DUPLICATE_METHOD_MATCH = YES;
				COPY_PHASE_STRIP = NO;
				ENABLE_STRICT_OBJC_MSGSEND = YES;
				ENABLE_TESTABILITY = YES;
				GCC_C_LANGUAGE_STANDARD = gnu99;
				GCC_DYNAMIC_NO_PIC = NO;
				GCC_NO_COMMON_BLOCKS = YES;
				GCC_OPTIMIZATION_LEVEL = 0;
				GCC_PREPROCESSOR_DEFINITIONS = (
					"DEBUG=1",
					"$(inherited)",
				);
				GCC_SYMBOLS_PRIVATE_EXTERN = NO;
				GCC_WARN_64_TO_32_BIT_CONVERSION = YES;
				GCC_WARN_ABOUT_RETURN_TYPE = YES_ERROR;
				GCC_WARN_UNDECLARED_SELECTOR = YES;
				GCC_WARN_UNINITIALIZED_AUTOS = YES_AGGRESSIVE;
				GCC_WARN_UNUSED_FUNCTION = YES;
				GCC_WARN_UNUSED_VARIABLE = YES;
				MACOSX_DEPLOYMENT_TARGET = 10.10;
				MTL_ENABLE_DEBUG_INFO = YES;
				ONLY_ACTIVE_ARCH = YES;
				SDKROOT = macosx;
			};
			name = Debug;
		};
		944A33141A475A6400BF8675 /* Release */ = {
			isa = XCBuildConfiguration;
			buildSettings = {
				ALWAYS_SEARCH_USER_PATHS = NO;
				CLANG_CXX_LANGUAGE_STANDARD = "gnu++0x";
				CLANG_CXX_LIBRARY = "libc++";
				CLANG_ENABLE_MODULES = YES;
				CLANG_ENABLE_OBJC_ARC = YES;
				CLANG_WARN_BLOCK_CAPTURE_AUTORELEASING = YES;
				CLANG_WARN_BOOL_CONVERSION = YES;
				CLANG_WARN_COMMA = NO;
				CLANG_WARN_CONSTANT_CONVERSION = YES;
				CLANG_WARN_DIRECT_OBJC_ISA_USAGE = YES_ERROR;
				CLANG_WARN_EMPTY_BODY = YES;
				CLANG_WARN_ENUM_CONVERSION = YES;
				CLANG_WARN_INFINITE_RECURSION = YES;
				CLANG_WARN_INT_CONVERSION = YES;
				CLANG_WARN_NON_LITERAL_NULL_CONVERSION = YES;
				CLANG_WARN_OBJC_LITERAL_CONVERSION = YES;
				CLANG_WARN_OBJC_ROOT_CLASS = YES_ERROR;
				CLANG_WARN_RANGE_LOOP_ANALYSIS = YES;
				CLANG_WARN_STRICT_PROTOTYPES = YES;
				CLANG_WARN_SUSPICIOUS_MOVE = YES;
				CLANG_WARN_UNREACHABLE_CODE = YES;
				CLANG_WARN__DUPLICATE_METHOD_MATCH = YES;
				COPY_PHASE_STRIP = YES;
				DEBUG_INFORMATION_FORMAT = "dwarf-with-dsym";
				ENABLE_NS_ASSERTIONS = NO;
				ENABLE_STRICT_OBJC_MSGSEND = YES;
				GCC_C_LANGUAGE_STANDARD = gnu99;
				GCC_NO_COMMON_BLOCKS = YES;
				GCC_WARN_64_TO_32_BIT_CONVERSION = YES;
				GCC_WARN_ABOUT_RETURN_TYPE = YES_ERROR;
				GCC_WARN_UNDECLARED_SELECTOR = YES;
				GCC_WARN_UNINITIALIZED_AUTOS = YES_AGGRESSIVE;
				GCC_WARN_UNUSED_FUNCTION = YES;
				GCC_WARN_UNUSED_VARIABLE = YES;
				MACOSX_DEPLOYMENT_TARGET = 10.10;
				MTL_ENABLE_DEBUG_INFO = NO;
				SDKROOT = macosx;
				SWIFT_OPTIMIZATION_LEVEL = "-Owholemodule";
			};
			name = Release;
		};
		944A33161A475A6400BF8675 /* Debug */ = {
			isa = XCBuildConfiguration;
			buildSettings = {
				CLANG_ENABLE_MODULES = YES;
				COMBINE_HIDPI_IMAGES = YES;
				DYLIB_COMPATIBILITY_VERSION = 1;
				DYLIB_CURRENT_VERSION = 1;
				EXECUTABLE_PREFIX = lib;
				LD_RUNPATH_SEARCH_PATHS = "$(inherited) @executable_path/../Frameworks @loader_path/../Frameworks";
				PRODUCT_NAME = Lua;
				SWIFT_OBJC_BRIDGING_HEADER = LuaSource/LuaSource.h;
				SWIFT_OPTIMIZATION_LEVEL = "-Onone";
				SWIFT_SWIFT3_OBJC_INFERENCE = Default;
				SWIFT_VERSION = 4.0;
			};
			name = Debug;
		};
		944A33171A475A6400BF8675 /* Release */ = {
			isa = XCBuildConfiguration;
			buildSettings = {
				CLANG_ENABLE_MODULES = YES;
				COMBINE_HIDPI_IMAGES = YES;
				DYLIB_COMPATIBILITY_VERSION = 1;
				DYLIB_CURRENT_VERSION = 1;
				EXECUTABLE_PREFIX = lib;
				LD_RUNPATH_SEARCH_PATHS = "$(inherited) @executable_path/../Frameworks @loader_path/../Frameworks";
				PRODUCT_NAME = Lua;
				SWIFT_OBJC_BRIDGING_HEADER = LuaSource/LuaSource.h;
				SWIFT_SWIFT3_OBJC_INFERENCE = Default;
				SWIFT_VERSION = 4.0;
			};
			name = Release;
		};
		94697A971AC712CB0047447A /* Debug */ = {
			isa = XCBuildConfiguration;
			buildSettings = {
				COMBINE_HIDPI_IMAGES = YES;
				FRAMEWORK_SEARCH_PATHS = (
					"$(DEVELOPER_FRAMEWORKS_DIR)",
					"$(inherited)",
				);
				GCC_PREPROCESSOR_DEFINITIONS = (
					"DEBUG=1",
					"$(inherited)",
				);
				INFOPLIST_FILE = "Lua Tests/Info.plist";
				LD_RUNPATH_SEARCH_PATHS = "$(inherited) @executable_path/../Frameworks @loader_path/../Frameworks";
				PRODUCT_BUNDLE_IDENTIFIER = "com.tinyrobotsoftware.$(PRODUCT_NAME:rfc1034identifier)";
				PRODUCT_NAME = "$(TARGET_NAME)";
				SWIFT_OPTIMIZATION_LEVEL = "-Onone";
				SWIFT_SWIFT3_OBJC_INFERENCE = Default;
				SWIFT_VERSION = 4.0;
			};
			name = Debug;
		};
		94697A981AC712CB0047447A /* Release */ = {
			isa = XCBuildConfiguration;
			buildSettings = {
				COMBINE_HIDPI_IMAGES = YES;
				COPY_PHASE_STRIP = NO;
				FRAMEWORK_SEARCH_PATHS = (
					"$(DEVELOPER_FRAMEWORKS_DIR)",
					"$(inherited)",
				);
				INFOPLIST_FILE = "Lua Tests/Info.plist";
				LD_RUNPATH_SEARCH_PATHS = "$(inherited) @executable_path/../Frameworks @loader_path/../Frameworks";
				PRODUCT_BUNDLE_IDENTIFIER = "com.tinyrobotsoftware.$(PRODUCT_NAME:rfc1034identifier)";
				PRODUCT_NAME = "$(TARGET_NAME)";
				SWIFT_SWIFT3_OBJC_INFERENCE = Default;
				SWIFT_VERSION = 4.0;
			};
			name = Release;
		};
/* End XCBuildConfiguration section */

/* Begin XCConfigurationList section */
		1680CA5A1DBA0D3700333F1F /* Build configuration list for PBXNativeTarget "Lua" */ = {
			isa = XCConfigurationList;
			buildConfigurations = (
				1680CA5B1DBA0D3700333F1F /* Debug */,
				1680CA5C1DBA0D3700333F1F /* Release */,
			);
			defaultConfigurationIsVisible = 0;
			defaultConfigurationName = Release;
		};
		168D38721DB9D00A00087970 /* Build configuration list for PBXNativeTarget "LuaSource" */ = {
			isa = XCConfigurationList;
			buildConfigurations = (
				168D38731DB9D00A00087970 /* Debug */,
				168D38741DB9D00A00087970 /* Release */,
			);
			defaultConfigurationIsVisible = 0;
			defaultConfigurationName = Release;
		};
		944A32FC1A475A6300BF8675 /* Build configuration list for PBXProject "Lua" */ = {
			isa = XCConfigurationList;
			buildConfigurations = (
				944A33131A475A6400BF8675 /* Debug */,
				944A33141A475A6400BF8675 /* Release */,
			);
			defaultConfigurationIsVisible = 0;
			defaultConfigurationName = Release;
		};
		944A33151A475A6400BF8675 /* Build configuration list for PBXNativeTarget "Lua macOS" */ = {
			isa = XCConfigurationList;
			buildConfigurations = (
				944A33161A475A6400BF8675 /* Debug */,
				944A33171A475A6400BF8675 /* Release */,
			);
			defaultConfigurationIsVisible = 0;
			defaultConfigurationName = Release;
		};
		94697A991AC712CB0047447A /* Build configuration list for PBXNativeTarget "Lua Tests" */ = {
			isa = XCConfigurationList;
			buildConfigurations = (
				94697A971AC712CB0047447A /* Debug */,
				94697A981AC712CB0047447A /* Release */,
			);
			defaultConfigurationIsVisible = 0;
			defaultConfigurationName = Release;
		};
/* End XCConfigurationList section */
	};
	rootObject = 944A32F91A475A6300BF8675 /* Project object */;
}
